
Microsoft Visual Studio Solution File, Format Version 12.00
# Visual Studio Version 17
VisualStudioVersion = 17.13.35919.96 d17.13
MinimumVisualStudioVersion = 10.0.40219.1
Project("{2150E333-8FDC-42A3-9474-1A3956D46DE8}") = "Gateway", "Gateway", "{02EA681E-C7D8-13C7-8484-4AC65E1B71E8}"
EndProject
Project("{2150E333-8FDC-42A3-9474-1A3956D46DE8}") = "Shared", "Shared", "{9ACD49A3-323A-49B6-903E-60E7701A8E44}"
EndProject
Project("{2150E333-8FDC-42A3-9474-1A3956D46DE8}") = "Services", "Services", "{62DFD7BC-E543-47CE-840E-60DEA34B0AB7}"
EndProject
Project("{2150E333-8FDC-42A3-9474-1A3956D46DE8}") = "Register", "Register", "{6E1A1FDD-F702-4D80-9856-7A27972DD157}"
EndProject
Project("{FAE04EC0-301F-11D3-BF4B-00C04F79EFBC}") = "ResourceWeb.Services.Register.Api", "ResourceWeb.Services.Register.Api\ResourceWeb.Services.Register.Api.csproj", "{711FA3E5-E74F-430E-A23E-EE3089B6E323}"
EndProject
Project("{FAE04EC0-301F-11D3-BF4B-00C04F79EFBC}") = "ResourceWeb.Services.Register.Application", "ResourceWeb.Services.Register.Application\ResourceWeb.Services.Register.Application.csproj", "{7B07F9CD-A939-43F4-B92D-B855AFEF9C6B}"
EndProject
Project("{FAE04EC0-301F-11D3-BF4B-00C04F79EFBC}") = "ResourceWeb.Services.Register.Domain", "ResourceWeb.Services.Register.Domain\ResourceWeb.Services.Register.Domain.csproj", "{042E85D9-1A04-4903-9793-2281EB141746}"
EndProject
Project("{FAE04EC0-301F-11D3-BF4B-00C04F79EFBC}") = "ResourceWeb.Services.Register.Data", "ResourceWeb.Services.Register.Data\ResourceWeb.Services.Register.Data.csproj", "{E1F3103A-5DA1-4EB3-A6F6-671F430305AB}"
EndProject
Project("{FAE04EC0-301F-11D3-BF4B-00C04F79EFBC}") = "ResourceWeb.Services.Register.Handlers", "ResourceWeb.Services.Register.Handlers\ResourceWeb.Services.Register.Handlers.csproj", "{377ED1C2-3A5D-4EAD-BBC2-97D26117042E}"
EndProject
Global
	GlobalSection(SolutionConfigurationPlatforms) = preSolution
		Debug|Any CPU = Debug|Any CPU
		Release|Any CPU = Release|Any CPU
	EndGlobalSection
	GlobalSection(ProjectConfigurationPlatforms) = postSolution
		{711FA3E5-E74F-430E-A23E-EE3089B6E323}.Debug|Any CPU.ActiveCfg = Debug|Any CPU
		{711FA3E5-E74F-430E-A23E-EE3089B6E323}.Debug|Any CPU.Build.0 = Debug|Any CPU
		{711FA3E5-E74F-430E-A23E-EE3089B6E323}.Release|Any CPU.ActiveCfg = Release|Any CPU
		{711FA3E5-E74F-430E-A23E-EE3089B6E323}.Release|Any CPU.Build.0 = Release|Any CPU
		{7B07F9CD-A939-43F4-B92D-B855AFEF9C6B}.Debug|Any CPU.ActiveCfg = Debug|Any CPU
		{7B07F9CD-A939-43F4-B92D-B855AFEF9C6B}.Debug|Any CPU.Build.0 = Debug|Any CPU
		{7B07F9CD-A939-43F4-B92D-B855AFEF9C6B}.Release|Any CPU.ActiveCfg = Release|Any CPU
		{7B07F9CD-A939-43F4-B92D-B855AFEF9C6B}.Release|Any CPU.Build.0 = Release|Any CPU
		{042E85D9-1A04-4903-9793-2281EB141746}.Debug|Any CPU.ActiveCfg = Debug|Any CPU
		{042E85D9-1A04-4903-9793-2281EB141746}.Debug|Any CPU.Build.0 = Debug|Any CPU
		{042E85D9-1A04-4903-9793-2281EB141746}.Release|Any CPU.ActiveCfg = Release|Any CPU
		{042E85D9-1A04-4903-9793-2281EB141746}.Release|Any CPU.Build.0 = Release|Any CPU
		{E1F3103A-5DA1-4EB3-A6F6-671F430305AB}.Debug|Any CPU.ActiveCfg = Debug|Any CPU
		{E1F3103A-5DA1-4EB3-A6F6-671F430305AB}.Debug|Any CPU.Build.0 = Debug|Any CPU
		{E1F3103A-5DA1-4EB3-A6F6-671F430305AB}.Release|Any CPU.ActiveCfg = Release|Any CPU
		{E1F3103A-5DA1-4EB3-A6F6-671F430305AB}.Release|Any CPU.Build.0 = Release|Any CPU
		{377ED1C2-3A5D-4EAD-BBC2-97D26117042E}.Debug|Any CPU.ActiveCfg = Debug|Any CPU
		{377ED1C2-3A5D-4EAD-BBC2-97D26117042E}.Debug|Any CPU.Build.0 = Debug|Any CPU
		{377ED1C2-3A5D-4EAD-BBC2-97D26117042E}.Release|Any CPU.ActiveCfg = Release|Any CPU
		{377ED1C2-3A5D-4EAD-BBC2-97D26117042E}.Release|Any CPU.Build.0 = Release|Any CPU
	EndGlobalSection
	GlobalSection(SolutionProperties) = preSolution
		HideSolutionNode = FALSE
	EndGlobalSection
	GlobalSection(NestedProjects) = preSolution
		{6E1A1FDD-F702-4D80-9856-7A27972DD157} = {62DFD7BC-E543-47CE-840E-60DEA34B0AB7}
		{711FA3E5-E74F-430E-A23E-EE3089B6E323} = {6E1A1FDD-F702-4D80-9856-7A27972DD157}
		{7B07F9CD-A939-43F4-B92D-B855AFEF9C6B} = {6E1A1FDD-F702-4D80-9856-7A27972DD157}
		{042E85D9-1A04-4903-9793-2281EB141746} = {6E1A1FDD-F702-4D80-9856-7A27972DD157}
		{E1F3103A-5DA1-4EB3-A6F6-671F430305AB} = {6E1A1FDD-F702-4D80-9856-7A27972DD157}
		{377ED1C2-3A5D-4EAD-BBC2-97D26117042E} = {6E1A1FDD-F702-4D80-9856-7A27972DD157}
	EndGlobalSection
	GlobalSection(ExtensibilityGlobals) = postSolution
		SolutionGuid = {A0A08E47-AEE5-48F3-AD95-E9FDE21298D5}
	EndGlobalSection
EndGlobal
